
Microsoft Visual Studio Solution File, Format Version 12.00
# Visual Studio Version 16
VisualStudioVersion = 16.0.30804.86
MinimumVisualStudioVersion = 10.0.40219.1
Project("{FAE04EC0-301F-11D3-BF4B-00C04F79EFBC}") = "LanchesAPP", "LanchesAPP\LanchesAPP.csproj", "{7419B46E-2E97-42F4-86A8-13799F455896}"
EndProject
Global
	GlobalSection(SolutionConfigurationPlatforms) = preSolution
		Debug|Any CPU = Debug|Any CPU
		Release|Any CPU = Release|Any CPU
	EndGlobalSection
	GlobalSection(ProjectConfigurationPlatforms) = postSolution
		{7419B46E-2E97-42F4-86A8-13799F455896}.Debug|Any CPU.ActiveCfg = Debug|Any CPU
		{7419B46E-2E97-42F4-86A8-13799F455896}.Debug|Any CPU.Build.0 = Debug|Any CPU
		{7419B46E-2E97-42F4-86A8-13799F455896}.Release|Any CPU.ActiveCfg = Release|Any CPU
		{7419B46E-2E97-42F4-86A8-13799F455896}.Release|Any CPU.Build.0 = Release|Any CPU
	EndGlobalSection
	GlobalSection(SolutionProperties) = preSolution
		HideSolutionNode = FALSE
	EndGlobalSection
	GlobalSection(ExtensibilityGlobals) = postSolution
		SolutionGuid = {6D4C66B6-249C-472F-8408-2DC3B0F5435E}
	EndGlobalSection
EndGlobal
